
Microsoft Visual Studio Solution File, Format Version 12.00
# Visual Studio Version 16
VisualStudioVersion = 16.0.31911.196
MinimumVisualStudioVersion = 10.0.40219.1
Project("{2150E333-8FDC-42A3-9474-1A3956D46DE8}") = "src", "src", "{BDC47750-C67B-468D-AA20-0C249E3C0720}"
EndProject
Project("{9A19103F-16F7-4668-BE54-9A1E7A4F7556}") = "VipSgs.Domain", "src\Tiradentes.DF.Domain\VipSgs.Domain.csproj", "{12BDE571-19B5-48A2-B593-61BBAC1C56D4}"
EndProject
Project("{2150E333-8FDC-42A3-9474-1A3956D46DE8}") = "Domain", "Domain", "{660E00B1-4145-4C48-B9CD-3E68A0069004}"
EndProject
Project("{2150E333-8FDC-42A3-9474-1A3956D46DE8}") = "Infrastructure", "Infrastructure", "{3419A2F7-B830-4E18-8D0C-1D9CC6992ECE}"
EndProject
Project("{9A19103F-16F7-4668-BE54-9A1E7A4F7556}") = "VipSgs.Infrastructure", "src\Tiradentes.DF.Infrastructure\VipSgs.Infrastructure.csproj", "{5F1BD767-FF61-4174-8911-C89F20D88B61}"
EndProject
Project("{2150E333-8FDC-42A3-9474-1A3956D46DE8}") = "Services", "Services", "{A01B28DE-AEAC-4E57-84AC-00FDE1486E7A}"
EndProject
Project("{9A19103F-16F7-4668-BE54-9A1E7A4F7556}") = "VipSgs.Services", "src\Tiradentes.DF.Services\VipSgs.Services.csproj", "{A1E0EA8C-A2C6-4390-AF45-EB5C12317750}"
EndProject
Project("{2150E333-8FDC-42A3-9474-1A3956D46DE8}") = "Application", "Application", "{FEF11C1D-DCCE-4DBD-968A-41E9ECFFAB5B}"
EndProject
Project("{9A19103F-16F7-4668-BE54-9A1E7A4F7556}") = "VipSgs.Application", "src\Tiradentes.DF.Application\VipSgs.Application.csproj", "{B01ABF81-BEFC-45E3-9857-A3BEFD7D9D46}"
EndProject
Project("{2150E333-8FDC-42A3-9474-1A3956D46DE8}") = "IoC", "IoC", "{982DFE5A-C979-444C-AF70-B54A50EC3ACB}"
EndProject
Project("{9A19103F-16F7-4668-BE54-9A1E7A4F7556}") = "VipSgs.CrossCutting.IoC", "src\Tiradentes.DF.CrossCutting.IoC\VipSgs.CrossCutting.IoC.csproj", "{A1A4A4F9-0534-4B84-B333-3CC49261A405}"
EndProject
Project("{2150E333-8FDC-42A3-9474-1A3956D46DE8}") = "Api", "Api", "{DD6AC7B5-32CF-4D14-8F12-AE818B711053}"
EndProject
Project("{9A19103F-16F7-4668-BE54-9A1E7A4F7556}") = "VipSgs.Api", "src\Tiradentes.DF.Api\VipSgs.Api.csproj", "{8F47497C-258C-4B82-AB4B-7D350EF01C29}"
EndProject
Project("{2150E333-8FDC-42A3-9474-1A3956D46DE8}") = "Solution Items", "Solution Items", "{D322A88B-A2F9-49C0-952B-D592A473C6BD}"
	ProjectSection(SolutionItems) = preProject
		.editorconfig = .editorconfig
	EndProjectSection
EndProject
Global
	GlobalSection(SolutionConfigurationPlatforms) = preSolution
		Debug|Any CPU = Debug|Any CPU
		Release|Any CPU = Release|Any CPU
	EndGlobalSection
	GlobalSection(ProjectConfigurationPlatforms) = postSolution
		{12BDE571-19B5-48A2-B593-61BBAC1C56D4}.Debug|Any CPU.ActiveCfg = Debug|Any CPU
		{12BDE571-19B5-48A2-B593-61BBAC1C56D4}.Debug|Any CPU.Build.0 = Debug|Any CPU
		{12BDE571-19B5-48A2-B593-61BBAC1C56D4}.Release|Any CPU.ActiveCfg = Release|Any CPU
		{12BDE571-19B5-48A2-B593-61BBAC1C56D4}.Release|Any CPU.Build.0 = Release|Any CPU
		{5F1BD767-FF61-4174-8911-C89F20D88B61}.Debug|Any CPU.ActiveCfg = Debug|Any CPU
		{5F1BD767-FF61-4174-8911-C89F20D88B61}.Debug|Any CPU.Build.0 = Debug|Any CPU
		{5F1BD767-FF61-4174-8911-C89F20D88B61}.Release|Any CPU.ActiveCfg = Release|Any CPU
		{5F1BD767-FF61-4174-8911-C89F20D88B61}.Release|Any CPU.Build.0 = Release|Any CPU
		{A1E0EA8C-A2C6-4390-AF45-EB5C12317750}.Debug|Any CPU.ActiveCfg = Debug|Any CPU
		{A1E0EA8C-A2C6-4390-AF45-EB5C12317750}.Debug|Any CPU.Build.0 = Debug|Any CPU
		{A1E0EA8C-A2C6-4390-AF45-EB5C12317750}.Release|Any CPU.ActiveCfg = Release|Any CPU
		{A1E0EA8C-A2C6-4390-AF45-EB5C12317750}.Release|Any CPU.Build.0 = Release|Any CPU
		{B01ABF81-BEFC-45E3-9857-A3BEFD7D9D46}.Debug|Any CPU.ActiveCfg = Debug|Any CPU
		{B01ABF81-BEFC-45E3-9857-A3BEFD7D9D46}.Debug|Any CPU.Build.0 = Debug|Any CPU
		{B01ABF81-BEFC-45E3-9857-A3BEFD7D9D46}.Release|Any CPU.ActiveCfg = Release|Any CPU
		{B01ABF81-BEFC-45E3-9857-A3BEFD7D9D46}.Release|Any CPU.Build.0 = Release|Any CPU
		{A1A4A4F9-0534-4B84-B333-3CC49261A405}.Debug|Any CPU.ActiveCfg = Debug|Any CPU
		{A1A4A4F9-0534-4B84-B333-3CC49261A405}.Debug|Any CPU.Build.0 = Debug|Any CPU
		{A1A4A4F9-0534-4B84-B333-3CC49261A405}.Release|Any CPU.ActiveCfg = Release|Any CPU
		{A1A4A4F9-0534-4B84-B333-3CC49261A405}.Release|Any CPU.Build.0 = Release|Any CPU
		{8F47497C-258C-4B82-AB4B-7D350EF01C29}.Debug|Any CPU.ActiveCfg = Debug|Any CPU
		{8F47497C-258C-4B82-AB4B-7D350EF01C29}.Debug|Any CPU.Build.0 = Debug|Any CPU
		{8F47497C-258C-4B82-AB4B-7D350EF01C29}.Release|Any CPU.ActiveCfg = Release|Any CPU
		{8F47497C-258C-4B82-AB4B-7D350EF01C29}.Release|Any CPU.Build.0 = Release|Any CPU
	EndGlobalSection
	GlobalSection(SolutionProperties) = preSolution
		HideSolutionNode = FALSE
	EndGlobalSection
	GlobalSection(NestedProjects) = preSolution
		{12BDE571-19B5-48A2-B593-61BBAC1C56D4} = {660E00B1-4145-4C48-B9CD-3E68A0069004}
		{660E00B1-4145-4C48-B9CD-3E68A0069004} = {BDC47750-C67B-468D-AA20-0C249E3C0720}
		{3419A2F7-B830-4E18-8D0C-1D9CC6992ECE} = {BDC47750-C67B-468D-AA20-0C249E3C0720}
		{5F1BD767-FF61-4174-8911-C89F20D88B61} = {3419A2F7-B830-4E18-8D0C-1D9CC6992ECE}
		{A01B28DE-AEAC-4E57-84AC-00FDE1486E7A} = {BDC47750-C67B-468D-AA20-0C249E3C0720}
		{A1E0EA8C-A2C6-4390-AF45-EB5C12317750} = {A01B28DE-AEAC-4E57-84AC-00FDE1486E7A}
		{FEF11C1D-DCCE-4DBD-968A-41E9ECFFAB5B} = {BDC47750-C67B-468D-AA20-0C249E3C0720}
		{B01ABF81-BEFC-45E3-9857-A3BEFD7D9D46} = {FEF11C1D-DCCE-4DBD-968A-41E9ECFFAB5B}
		{982DFE5A-C979-444C-AF70-B54A50EC3ACB} = {BDC47750-C67B-468D-AA20-0C249E3C0720}
		{A1A4A4F9-0534-4B84-B333-3CC49261A405} = {982DFE5A-C979-444C-AF70-B54A50EC3ACB}
		{DD6AC7B5-32CF-4D14-8F12-AE818B711053} = {BDC47750-C67B-468D-AA20-0C249E3C0720}
		{8F47497C-258C-4B82-AB4B-7D350EF01C29} = {DD6AC7B5-32CF-4D14-8F12-AE818B711053}
	EndGlobalSection
	GlobalSection(ExtensibilityGlobals) = postSolution
		SolutionGuid = {3D688408-28CC-4814-9D11-09395C87B7D5}
	EndGlobalSection
EndGlobal
